
Microsoft Visual Studio Solution File, Format Version 12.00
# Visual Studio Version 16
VisualStudioVersion = 16.0.30517.126
MinimumVisualStudioVersion = 10.0.40219.1
Project("{9A19103F-16F7-4668-BE54-9A1E7A4F7556}") = "ShopAPI", "ShopAPI\ShopAPI.csproj", "{1D2BE68D-2FD0-4C70-9EEA-EBE13EDD6290}"
EndProject
Project("{9A19103F-16F7-4668-BE54-9A1E7A4F7556}") = "ShopWebApp", "..\..\ShopWebApp\ShopWebApp\ShopWebApp.csproj", "{5FA208DC-CA2F-45CF-9502-B9F6EAB81A31}"
EndProject
Global
	GlobalSection(SolutionConfigurationPlatforms) = preSolution
		Debug|Any CPU = Debug|Any CPU
		Release|Any CPU = Release|Any CPU
	EndGlobalSection
	GlobalSection(ProjectConfigurationPlatforms) = postSolution
		{1D2BE68D-2FD0-4C70-9EEA-EBE13EDD6290}.Debug|Any CPU.ActiveCfg = Debug|Any CPU
		{1D2BE68D-2FD0-4C70-9EEA-EBE13EDD6290}.Debug|Any CPU.Build.0 = Debug|Any CPU
		{1D2BE68D-2FD0-4C70-9EEA-EBE13EDD6290}.Release|Any CPU.ActiveCfg = Release|Any CPU
		{1D2BE68D-2FD0-4C70-9EEA-EBE13EDD6290}.Release|Any CPU.Build.0 = Release|Any CPU
		{5FA208DC-CA2F-45CF-9502-B9F6EAB81A31}.Debug|Any CPU.ActiveCfg = Debug|Any CPU
		{5FA208DC-CA2F-45CF-9502-B9F6EAB81A31}.Debug|Any CPU.Build.0 = Debug|Any CPU
		{5FA208DC-CA2F-45CF-9502-B9F6EAB81A31}.Release|Any CPU.ActiveCfg = Release|Any CPU
		{5FA208DC-CA2F-45CF-9502-B9F6EAB81A31}.Release|Any CPU.Build.0 = Release|Any CPU
	EndGlobalSection
	GlobalSection(SolutionProperties) = preSolution
		HideSolutionNode = FALSE
	EndGlobalSection
	GlobalSection(ExtensibilityGlobals) = postSolution
		SolutionGuid = {CBE9B5C0-EF98-4B21-98A1-D186D5D43DAC}
	EndGlobalSection
EndGlobal
